
Microsoft Visual Studio Solution File, Format Version 12.00
# Visual Studio Version 16
VisualStudioVersion = 16.0.31105.61
MinimumVisualStudioVersion = 10.0.40219.1
Project("{FAE04EC0-301F-11D3-BF4B-00C04F79EFBC}") = "PathViewer", "PathViewer\PathViewer.csproj", "{EA189A17-342D-4332-B2E1-7492666CF720}"
EndProject
Global
	GlobalSection(SolutionConfigurationPlatforms) = preSolution
		Debug|Any CPU = Debug|Any CPU
		Release|Any CPU = Release|Any CPU
	EndGlobalSection
	GlobalSection(ProjectConfigurationPlatforms) = postSolution
		{EA189A17-342D-4332-B2E1-7492666CF720}.Debug|Any CPU.ActiveCfg = Debug|Any CPU
		{EA189A17-342D-4332-B2E1-7492666CF720}.Debug|Any CPU.Build.0 = Debug|Any CPU
		{EA189A17-342D-4332-B2E1-7492666CF720}.Release|Any CPU.ActiveCfg = Release|Any CPU
		{EA189A17-342D-4332-B2E1-7492666CF720}.Release|Any CPU.Build.0 = Release|Any CPU
	EndGlobalSection
	GlobalSection(SolutionProperties) = preSolution
		HideSolutionNode = FALSE
	EndGlobalSection
	GlobalSection(ExtensibilityGlobals) = postSolution
		SolutionGuid = {80839B53-E1E8-489A-90FA-52B95D99ADBF}
	EndGlobalSection
EndGlobal
